
Microsoft Visual Studio Solution File, Format Version 12.00
# Visual Studio Version 17
VisualStudioVersion = 17.5.002.0
MinimumVisualStudioVersion = 10.0.40219.1
Project("{9A19103F-16F7-4668-BE54-9A1E7A4F7556}") = "Task4_3", "Task4_3.csproj", "{7F7E8BFF-7647-47B0-80E4-9EC199D36F69}"
EndProject
Global
	GlobalSection(SolutionConfigurationPlatforms) = preSolution
		Debug|Any CPU = Debug|Any CPU
		Release|Any CPU = Release|Any CPU
	EndGlobalSection
	GlobalSection(ProjectConfigurationPlatforms) = postSolution
		{7F7E8BFF-7647-47B0-80E4-9EC199D36F69}.Debug|Any CPU.ActiveCfg = Debug|Any CPU
		{7F7E8BFF-7647-47B0-80E4-9EC199D36F69}.Debug|Any CPU.Build.0 = Debug|Any CPU
		{7F7E8BFF-7647-47B0-80E4-9EC199D36F69}.Release|Any CPU.ActiveCfg = Release|Any CPU
		{7F7E8BFF-7647-47B0-80E4-9EC199D36F69}.Release|Any CPU.Build.0 = Release|Any CPU
	EndGlobalSection
	GlobalSection(SolutionProperties) = preSolution
		HideSolutionNode = FALSE
	EndGlobalSection
	GlobalSection(ExtensibilityGlobals) = postSolution
		SolutionGuid = {AE6B1528-76A0-4BB9-8214-4049647F1EA1}
	EndGlobalSection
EndGlobal
